// !$*UTF8*$!
{
	archiveVersion = 1;
	classes = {
	};
	objectVersion = 77;
	objects = {

/* Begin PBXBuildFile section */
		03F19E56EAA20CC1D1D36E32 /* QuickAgentView.swift in Sources */ = {isa = PBXBuildFile; fileRef = DD7230DBD7A683F93F92B76F /* QuickAgentView.swift */; };
		269BFC82B394119400B88013 /* HomeView.swift in Sources */ = {isa = PBXBuildFile; fileRef = FBDDF5CCCB1B2A3B2CDE7844 /* HomeView.swift */; };
		289E33D5E429B62B6948CD81 /* AgentMatchPrototypeApp.swift in Sources */ = {isa = PBXBuildFile; fileRef = DE4DD69EE4E4E587ECDCF55C /* AgentMatchPrototypeApp.swift */; };
		2F1E03312F274327D401418C /* Assets.xcassets in Resources */ = {isa = PBXBuildFile; fileRef = 722C8863DE3ECBBEF98A2843 /* Assets.xcassets */; };
		346588C96D09FBCAB5374E0B /* CategoryDetailView.swift in Sources */ = {isa = PBXBuildFile; fileRef = 00E8C6DF1558733520938732 /* CategoryDetailView.swift */; };
		3F2482541D458CA1B0202130 /* HomeViewModel.swift in Sources */ = {isa = PBXBuildFile; fileRef = D5E8A0A949AE1965FB228398 /* HomeViewModel.swift */; };
		45C08EB7D92480258F98F997 /* APIClient.swift in Sources */ = {isa = PBXBuildFile; fileRef = 793B1696FD5DC28E9E781D87 /* APIClient.swift */; };
		75118AAF26B18574BA056D81 /* AppTheme.swift in Sources */ = {isa = PBXBuildFile; fileRef = 7B4C6AE7F598B7933B896AE6 /* AppTheme.swift */; };
		D966E63947ED90306EE003CD /* Models.swift in Sources */ = {isa = PBXBuildFile; fileRef = 0CB1E0041DD20806A9A3FE4B /* Models.swift */; };
/* End PBXBuildFile section */

/* Begin PBXFileReference section */
		00E8C6DF1558733520938732 /* CategoryDetailView.swift */ = {isa = PBXFileReference; lastKnownFileType = sourcecode.swift; path = CategoryDetailView.swift; sourceTree = "<group>"; };
		0CB1E0041DD20806A9A3FE4B /* Models.swift */ = {isa = PBXFileReference; lastKnownFileType = sourcecode.swift; path = Models.swift; sourceTree = "<group>"; };
		25A9A383947F808DED1D7CC3 /* AgentMatchPrototype.app */ = {isa = PBXFileReference; includeInIndex = 0; lastKnownFileType = wrapper.application; path = AgentMatchPrototype.app; sourceTree = BUILT_PRODUCTS_DIR; };
		722C8863DE3ECBBEF98A2843 /* Assets.xcassets */ = {isa = PBXFileReference; lastKnownFileType = folder.assetcatalog; path = Assets.xcassets; sourceTree = "<group>"; };
		793B1696FD5DC28E9E781D87 /* APIClient.swift */ = {isa = PBXFileReference; lastKnownFileType = sourcecode.swift; path = APIClient.swift; sourceTree = "<group>"; };
		7B4C6AE7F598B7933B896AE6 /* AppTheme.swift */ = {isa = PBXFileReference; lastKnownFileType = sourcecode.swift; path = AppTheme.swift; sourceTree = "<group>"; };
		D5E8A0A949AE1965FB228398 /* HomeViewModel.swift */ = {isa = PBXFileReference; lastKnownFileType = sourcecode.swift; path = HomeViewModel.swift; sourceTree = "<group>"; };
		DD7230DBD7A683F93F92B76F /* QuickAgentView.swift */ = {isa = PBXFileReference; lastKnownFileType = sourcecode.swift; path = QuickAgentView.swift; sourceTree = "<group>"; };
		DE4DD69EE4E4E587ECDCF55C /* AgentMatchPrototypeApp.swift */ = {isa = PBXFileReference; lastKnownFileType = sourcecode.swift; path = AgentMatchPrototypeApp.swift; sourceTree = "<group>"; };
		FBDDF5CCCB1B2A3B2CDE7844 /* HomeView.swift */ = {isa = PBXFileReference; lastKnownFileType = sourcecode.swift; path = HomeView.swift; sourceTree = "<group>"; };
/* End PBXFileReference section */

/* Begin PBXGroup section */
		5EB80D97C5EF6B25276FF626 /* ViewModels */ = {
			isa = PBXGroup;
			children = (
				D5E8A0A949AE1965FB228398 /* HomeViewModel.swift */,
			);
			name = ViewModels;
			path = AgentMatchPrototype/ViewModels;
			sourceTree = "<group>";
		};
		723EB908392FA0022368C333 /* Resources */ = {
			isa = PBXGroup;
			children = (
				722C8863DE3ECBBEF98A2843 /* Assets.xcassets */,
			);
			name = Resources;
			path = AgentMatchPrototype/Resources;
			sourceTree = "<group>";
		};
		87101187FDA69FFB5646D482 /* App */ = {
			isa = PBXGroup;
			children = (
				DE4DD69EE4E4E587ECDCF55C /* AgentMatchPrototypeApp.swift */,
			);
			name = App;
			path = AgentMatchPrototype/App;
			sourceTree = "<group>";
		};
		9D95CE2A9E2E5996D9658BAB /* Views */ = {
			isa = PBXGroup;
			children = (
				00E8C6DF1558733520938732 /* CategoryDetailView.swift */,
				FBDDF5CCCB1B2A3B2CDE7844 /* HomeView.swift */,
				DD7230DBD7A683F93F92B76F /* QuickAgentView.swift */,
			);
			name = Views;
			path = AgentMatchPrototype/Views;
			sourceTree = "<group>";
		};
		A9E1631C9B1CC238273F36D2 = {
			isa = PBXGroup;
			children = (
				87101187FDA69FFB5646D482 /* App */,
				EA24FA7693274E562C86DA4F /* Core */,
				723EB908392FA0022368C333 /* Resources */,
				5EB80D97C5EF6B25276FF626 /* ViewModels */,
				9D95CE2A9E2E5996D9658BAB /* Views */,
				E7721D5D711CA0EA758D00DC /* Products */,
			);
			sourceTree = "<group>";
		};
		E7721D5D711CA0EA758D00DC /* Products */ = {
			isa = PBXGroup;
			children = (
				25A9A383947F808DED1D7CC3 /* AgentMatchPrototype.app */,
			);
			name = Products;
			sourceTree = "<group>";
		};
		EA24FA7693274E562C86DA4F /* Core */ = {
			isa = PBXGroup;
			children = (
				793B1696FD5DC28E9E781D87 /* APIClient.swift */,
				7B4C6AE7F598B7933B896AE6 /* AppTheme.swift */,
				0CB1E0041DD20806A9A3FE4B /* Models.swift */,
			);
			name = Core;
			path = AgentMatchPrototype/Core;
			sourceTree = "<group>";
		};
/* End PBXGroup section */

/* Begin PBXNativeTarget section */
		AB1E54DB2AA0D3E4FB72DEB3 /* AgentMatchPrototype */ = {
			isa = PBXNativeTarget;
			buildConfigurationList = F35319DE6BC2750C5420C360 /* Build configuration list for PBXNativeTarget "AgentMatchPrototype" */;
			buildPhases = (
				2EB02A9CD6F28F19D99E13E2 /* Sources */,
				F3CCDD90AD434341FA1A43C4 /* Resources */,
			);
			buildRules = (
			);
			dependencies = (
			);
			name = AgentMatchPrototype;
			packageProductDependencies = (
			);
			productName = AgentMatchPrototype;
			productReference = 25A9A383947F808DED1D7CC3 /* AgentMatchPrototype.app */;
			productType = "com.apple.product-type.application";
		};
/* End PBXNativeTarget section */

/* Begin PBXProject section */
		E4BCC719C6AC1BCC8766E889 /* Project object */ = {
			isa = PBXProject;
			attributes = {
				BuildIndependentTargetsInParallel = YES;
				LastUpgradeCheck = 1430;
				TargetAttributes = {
					AB1E54DB2AA0D3E4FB72DEB3 = {
						ProvisioningStyle = Automatic;
					};
				};
			};
			buildConfigurationList = AAE9B280512B173496109246 /* Build configuration list for PBXProject "AgentMatchPrototype" */;
			compatibilityVersion = "Xcode 14.0";
			developmentRegion = en;
			hasScannedForEncodings = 0;
			knownRegions = (
				Base,
				en,
			);
			mainGroup = A9E1631C9B1CC238273F36D2;
			minimizedProjectReferenceProxies = 1;
			preferredProjectObjectVersion = 77;
			projectDirPath = "";
			projectRoot = "";
			targets = (
				AB1E54DB2AA0D3E4FB72DEB3 /* AgentMatchPrototype */,
			);
		};
/* End PBXProject section */

/* Begin PBXResourcesBuildPhase section */
		F3CCDD90AD434341FA1A43C4 /* Resources */ = {
			isa = PBXResourcesBuildPhase;
			buildActionMask = 2147483647;
			files = (
				2F1E03312F274327D401418C /* Assets.xcassets in Resources */,
			);
			runOnlyForDeploymentPostprocessing = 0;
		};
/* End PBXResourcesBuildPhase section */

/* Begin PBXSourcesBuildPhase section */
		2EB02A9CD6F28F19D99E13E2 /* Sources */ = {
			isa = PBXSourcesBuildPhase;
			buildActionMask = 2147483647;
			files = (
				45C08EB7D92480258F98F997 /* APIClient.swift in Sources */,
				289E33D5E429B62B6948CD81 /* AgentMatchPrototypeApp.swift in Sources */,
				75118AAF26B18574BA056D81 /* AppTheme.swift in Sources */,
				346588C96D09FBCAB5374E0B /* CategoryDetailView.swift in Sources */,
				269BFC82B394119400B88013 /* HomeView.swift in Sources */,
				3F2482541D458CA1B0202130 /* HomeViewModel.swift in Sources */,
				D966E63947ED90306EE003CD /* Models.swift in Sources */,
				03F19E56EAA20CC1D1D36E32 /* QuickAgentView.swift in Sources */,
			);
			runOnlyForDeploymentPostprocessing = 0;
		};
/* End PBXSourcesBuildPhase section */

/* Begin XCBuildConfiguration section */
		17388A5C32085DC071FAEB06 /* Debug */ = {
			isa = XCBuildConfiguration;
			buildSettings = {
				ALWAYS_SEARCH_USER_PATHS = NO;
				CLANG_ANALYZER_NONNULL = YES;
				CLANG_ANALYZER_NUMBER_OBJECT_CONVERSION = YES_AGGRESSIVE;
				CLANG_CXX_LANGUAGE_STANDARD = "gnu++14";
				CLANG_CXX_LIBRARY = "libc++";
				CLANG_ENABLE_MODULES = YES;
				CLANG_ENABLE_OBJC_ARC = YES;
				CLANG_ENABLE_OBJC_WEAK = YES;
				CLANG_WARN_BLOCK_CAPTURE_AUTORELEASING = YES;
				CLANG_WARN_BOOL_CONVERSION = YES;
				CLANG_WARN_COMMA = YES;
				CLANG_WARN_CONSTANT_CONVERSION = YES;
				CLANG_WARN_DEPRECATED_OBJC_IMPLEMENTATIONS = YES;
				CLANG_WARN_DIRECT_OBJC_ISA_USAGE = YES_ERROR;
				CLANG_WARN_DOCUMENTATION_COMMENTS = YES;
				CLANG_WARN_EMPTY_BODY = YES;
				CLANG_WARN_ENUM_CONVERSION = YES;
				CLANG_WARN_INFINITE_RECURSION = YES;
				CLANG_WARN_INT_CONVERSION = YES;
				CLANG_WARN_NON_LITERAL_NULL_CONVERSION = YES;
				CLANG_WARN_OBJC_IMPLICIT_RETAIN_SELF = YES;
				CLANG_WARN_OBJC_LITERAL_CONVERSION = YES;
				CLANG_WARN_OBJC_ROOT_CLASS = YES_ERROR;
				CLANG_WARN_QUOTED_INCLUDE_IN_FRAMEWORK_HEADER = YES;
				CLANG_WARN_RANGE_LOOP_ANALYSIS = YES;
				CLANG_WARN_STRICT_PROTOTYPES = YES;
				CLANG_WARN_SUSPICIOUS_MOVE = YES;
				CLANG_WARN_UNGUARDED_AVAILABILITY = YES_AGGRESSIVE;
				CLANG_WARN_UNREACHABLE_CODE = YES;
				CLANG_WARN__DUPLICATE_METHOD_MATCH = YES;
				COPY_PHASE_STRIP = NO;
				DEBUG_INFORMATION_FORMAT = dwarf;
				ENABLE_STRICT_OBJC_MSGSEND = YES;
				ENABLE_TESTABILITY = YES;
				GCC_C_LANGUAGE_STANDARD = gnu11;
				GCC_DYNAMIC_NO_PIC = NO;
				GCC_NO_COMMON_BLOCKS = YES;
				GCC_OPTIMIZATION_LEVEL = 0;
				GCC_PREPROCESSOR_DEFINITIONS = (
					"$(inherited)",
					"DEBUG=1",
				);
				GCC_WARN_64_TO_32_BIT_CONVERSION = YES;
				GCC_WARN_ABOUT_RETURN_TYPE = YES_ERROR;
				GCC_WARN_UNDECLARED_SELECTOR = YES;
				GCC_WARN_UNINITIALIZED_AUTOS = YES_AGGRESSIVE;
				GCC_WARN_UNUSED_FUNCTION = YES;
				GCC_WARN_UNUSED_VARIABLE = YES;
				IPHONEOS_DEPLOYMENT_TARGET = 16.0;
				MTL_ENABLE_DEBUG_INFO = INCLUDE_SOURCE;
				MTL_FAST_MATH = YES;
				ONLY_ACTIVE_ARCH = YES;
				PRODUCT_NAME = "$(TARGET_NAME)";
				SDKROOT = iphoneos;
				SWIFT_ACTIVE_COMPILATION_CONDITIONS = DEBUG;
				SWIFT_OPTIMIZATION_LEVEL = "-Onone";
				SWIFT_VERSION = 5.9;
			};
			name = Debug;
		};
		8F837562A8D67830F1798C78 /* Release */ = {
			isa = XCBuildConfiguration;
			buildSettings = {
				ASSETCATALOG_COMPILER_APPICON_NAME = AppIcon;
				"CODE_SIGNING_ALLOWED[sdk=iphonesimulator*]" = NO;
				"CODE_SIGNING_REQUIRED[sdk=iphonesimulator*]" = NO;
				CODE_SIGN_IDENTITY = "iPhone Developer";
				CODE_SIGN_STYLE = Automatic;
				GENERATE_INFOPLIST_FILE = NO;
				INFOPLIST_FILE = AgentMatchPrototype/Resources/Info.plist;
				INFOPLIST_KEY_UIApplicationSceneManifest_Generation = YES;
				INFOPLIST_KEY_UIApplicationSupportsIndirectInputEvents = YES;
				INFOPLIST_KEY_UILaunchScreen_Generation = YES;
				LD_RUNPATH_SEARCH_PATHS = (
					"$(inherited)",
					"@executable_path/Frameworks",
				);
				PRODUCT_BUNDLE_IDENTIFIER = com.agentmatch.prototype;
				SDKROOT = iphoneos;
				SUPPORTS_MAC_DESIGNED_FOR_IPHONE_IPAD = NO;
				TARGETED_DEVICE_FAMILY = "1,2";
			};
			name = Release;
		};
		BBC84A5FD5BBCECA73A270F1 /* Release */ = {
			isa = XCBuildConfiguration;
			buildSettings = {
				ALWAYS_SEARCH_USER_PATHS = NO;
				CLANG_ANALYZER_NONNULL = YES;
				CLANG_ANALYZER_NUMBER_OBJECT_CONVERSION = YES_AGGRESSIVE;
				CLANG_CXX_LANGUAGE_STANDARD = "gnu++14";
				CLANG_CXX_LIBRARY = "libc++";
				CLANG_ENABLE_MODULES = YES;
				CLANG_ENABLE_OBJC_ARC = YES;
				CLANG_ENABLE_OBJC_WEAK = YES;
				CLANG_WARN_BLOCK_CAPTURE_AUTORELEASING = YES;
				CLANG_WARN_BOOL_CONVERSION = YES;
				CLANG_WARN_COMMA = YES;
				CLANG_WARN_CONSTANT_CONVERSION = YES;
				CLANG_WARN_DEPRECATED_OBJC_IMPLEMENTATIONS = YES;
				CLANG_WARN_DIRECT_OBJC_ISA_USAGE = YES_ERROR;
				CLANG_WARN_DOCUMENTATION_COMMENTS = YES;
				CLANG_WARN_EMPTY_BODY = YES;
				CLANG_WARN_ENUM_CONVERSION = YES;
				CLANG_WARN_INFINITE_RECURSION = YES;
				CLANG_WARN_INT_CONVERSION = YES;
				CLANG_WARN_NON_LITERAL_NULL_CONVERSION = YES;
				CLANG_WARN_OBJC_IMPLICIT_RETAIN_SELF = YES;
				CLANG_WARN_OBJC_LITERAL_CONVERSION = YES;
				CLANG_WARN_OBJC_ROOT_CLASS = YES_ERROR;
				CLANG_WARN_QUOTED_INCLUDE_IN_FRAMEWORK_HEADER = YES;
				CLANG_WARN_RANGE_LOOP_ANALYSIS = YES;
				CLANG_WARN_STRICT_PROTOTYPES = YES;
				CLANG_WARN_SUSPICIOUS_MOVE = YES;
				CLANG_WARN_UNGUARDED_AVAILABILITY = YES_AGGRESSIVE;
				CLANG_WARN_UNREACHABLE_CODE = YES;
				CLANG_WARN__DUPLICATE_METHOD_MATCH = YES;
				COPY_PHASE_STRIP = NO;
				DEBUG_INFORMATION_FORMAT = "dwarf-with-dsym";
				ENABLE_NS_ASSERTIONS = NO;
				ENABLE_STRICT_OBJC_MSGSEND = YES;
				GCC_C_LANGUAGE_STANDARD = gnu11;
				GCC_NO_COMMON_BLOCKS = YES;
				GCC_WARN_64_TO_32_BIT_CONVERSION = YES;
				GCC_WARN_ABOUT_RETURN_TYPE = YES_ERROR;
				GCC_WARN_UNDECLARED_SELECTOR = YES;
				GCC_WARN_UNINITIALIZED_AUTOS = YES_AGGRESSIVE;
				GCC_WARN_UNUSED_FUNCTION = YES;
				GCC_WARN_UNUSED_VARIABLE = YES;
				IPHONEOS_DEPLOYMENT_TARGET = 16.0;
				MTL_ENABLE_DEBUG_INFO = NO;
				MTL_FAST_MATH = YES;
				PRODUCT_NAME = "$(TARGET_NAME)";
				SDKROOT = iphoneos;
				SWIFT_COMPILATION_MODE = wholemodule;
				SWIFT_OPTIMIZATION_LEVEL = "-O";
				SWIFT_VERSION = 5.9;
			};
			name = Release;
		};
		E8D49A98DA8B4CF4D7F34605 /* Debug */ = {
			isa = XCBuildConfiguration;
			buildSettings = {
				ASSETCATALOG_COMPILER_APPICON_NAME = AppIcon;
				"CODE_SIGNING_ALLOWED[sdk=iphonesimulator*]" = NO;
				"CODE_SIGNING_REQUIRED[sdk=iphonesimulator*]" = NO;
				CODE_SIGN_IDENTITY = "iPhone Developer";
				CODE_SIGN_STYLE = Automatic;
				GENERATE_INFOPLIST_FILE = NO;
				INFOPLIST_FILE = AgentMatchPrototype/Resources/Info.plist;
				INFOPLIST_KEY_UIApplicationSceneManifest_Generation = YES;
				INFOPLIST_KEY_UIApplicationSupportsIndirectInputEvents = YES;
				INFOPLIST_KEY_UILaunchScreen_Generation = YES;
				LD_RUNPATH_SEARCH_PATHS = (
					"$(inherited)",
					"@executable_path/Frameworks",
				);
				PRODUCT_BUNDLE_IDENTIFIER = com.agentmatch.prototype;
				SDKROOT = iphoneos;
				SUPPORTS_MAC_DESIGNED_FOR_IPHONE_IPAD = NO;
				TARGETED_DEVICE_FAMILY = "1,2";
			};
			name = Debug;
		};
/* End XCBuildConfiguration section */

/* Begin XCConfigurationList section */
		AAE9B280512B173496109246 /* Build configuration list for PBXProject "AgentMatchPrototype" */ = {
			isa = XCConfigurationList;
			buildConfigurations = (
				17388A5C32085DC071FAEB06 /* Debug */,
				BBC84A5FD5BBCECA73A270F1 /* Release */,
			);
			defaultConfigurationIsVisible = 0;
			defaultConfigurationName = Debug;
		};
		F35319DE6BC2750C5420C360 /* Build configuration list for PBXNativeTarget "AgentMatchPrototype" */ = {
			isa = XCConfigurationList;
			buildConfigurations = (
				E8D49A98DA8B4CF4D7F34605 /* Debug */,
				8F837562A8D67830F1798C78 /* Release */,
			);
			defaultConfigurationIsVisible = 0;
			defaultConfigurationName = Debug;
		};
/* End XCConfigurationList section */
	};
	rootObject = E4BCC719C6AC1BCC8766E889 /* Project object */;
}
